{
  "requires": true,
  "lockfileVersion": 1,
  "dependencies": {
    "vdf-parser": {
      "version": "1.1.0",
      "resolved": "https://registry.npmjs.org/vdf-parser/-/vdf-parser-1.1.0.tgz",
      "integrity": "sha512-RqCxQCplSCFafaI+eRil+gQgQ73FnneVpWBsYd2INuGZnv2AhtdwD2GSKicwTHPQ7ls6fo6F/CiqRSCG20nb8A=="
    }
  }
}
