{
  "name": "corvid",
  "version": "0.0.1",
  "lockfileVersion": 2,
  "requires": true,
  "packages": {
    "": {
      "version": "0.0.1",
      "license": "MIT",
      "dependencies": {
        "@types/node": "^14.14.10",
        "vdf-parser": "^1.1.0"
      }
    },
    "node_modules/@types/node": {
      "version": "14.14.10",
      "resolved": "https://registry.npmjs.org/@types/node/-/node-14.14.10.tgz",
      "integrity": "sha512-J32dgx2hw8vXrSbu4ZlVhn1Nm3GbeCFNw2FWL8S5QKucHGY0cyNwjdQdO+KMBZ4wpmC7KhLCiNsdk1RFRIYUQQ=="
    },
    "node_modules/vdf-parser": {
      "version": "1.1.0",
      "resolved": "https://registry.npmjs.org/vdf-parser/-/vdf-parser-1.1.0.tgz",
      "integrity": "sha512-RqCxQCplSCFafaI+eRil+gQgQ73FnneVpWBsYd2INuGZnv2AhtdwD2GSKicwTHPQ7ls6fo6F/CiqRSCG20nb8A=="
    }
  },
  "dependencies": {
    "@types/node": {
      "version": "14.14.10",
      "resolved": "https://registry.npmjs.org/@types/node/-/node-14.14.10.tgz",
      "integrity": "sha512-J32dgx2hw8vXrSbu4ZlVhn1Nm3GbeCFNw2FWL8S5QKucHGY0cyNwjdQdO+KMBZ4wpmC7KhLCiNsdk1RFRIYUQQ=="
    },
    "vdf-parser": {
      "version": "1.1.0",
      "resolved": "https://registry.npmjs.org/vdf-parser/-/vdf-parser-1.1.0.tgz",
      "integrity": "sha512-RqCxQCplSCFafaI+eRil+gQgQ73FnneVpWBsYd2INuGZnv2AhtdwD2GSKicwTHPQ7ls6fo6F/CiqRSCG20nb8A=="
    }
  }
}
